{
  "requires": true,
  "lockfileVersion": 1,
  "dependencies": {
    "bibtex": {
      "version": "0.9.0",
      "resolved": "https://registry.npmjs.org/bibtex/-/bibtex-0.9.0.tgz",
      "integrity": "sha512-2YsG89+ZtFD04Dd+KDDUxjtEdiQMW4lbGsXzs5sa+nCpmOrauyChkOAdbLegVSAH2JKEfgu7SFESIVRKQCfD9Q=="
    }
  }
}
